
Microsoft Visual Studio Solution File, Format Version 12.00
# Visual Studio Version 17
VisualStudioVersion = 17.11.35208.52
MinimumVisualStudioVersion = 10.0.40219.1
Project("{2150E333-8FDC-42A3-9474-1A3956D46DE8}") = "DependencyInjection", "DependencyInjection", "{22EC0268-45DC-41C3-852D-2EF49D3C551C}"
EndProject
Project("{9A19103F-16F7-4668-BE54-9A1E7A4F7556}") = "DependencyInjection.Services", "src\DependencyInjection\DependencyInjection.Services\DependencyInjection.Services.csproj", "{575200D3-293C-4EDF-955E-F0EA70E5F504}"
EndProject
Project("{2150E333-8FDC-42A3-9474-1A3956D46DE8}") = ".SolutionItems", ".SolutionItems", "{E4E95D79-7DAF-4D6E-B11D-5A31CF39387B}"
	ProjectSection(SolutionItems) = preProject
		.gitignore = .gitignore
		MyCodeAnalysisRule.ruleset = MyCodeAnalysisRule.ruleset
		README.md = README.md
	EndProjectSection
EndProject
Project("{9A19103F-16F7-4668-BE54-9A1E7A4F7556}") = "DependencyInjection.UnitTests", "src\DependencyInjection\DependencyInjection.UnitTests\DependencyInjection.UnitTests.csproj", "{D26DAD10-D3A2-4505-A2B9-DCDA024A9A4F}"
EndProject
Project("{2150E333-8FDC-42A3-9474-1A3956D46DE8}") = "DesignPatterns", "DesignPatterns", "{4D833D7A-5203-4663-A17B-CB5DE1996E6A}"
EndProject
Project("{9A19103F-16F7-4668-BE54-9A1E7A4F7556}") = "AbstractFactory", "src\DesignPatterns\AbstractFactory\AbstractFactory.csproj", "{2504944C-29C9-48EC-AA34-A4D2F41B2885}"
EndProject
Project("{9A19103F-16F7-4668-BE54-9A1E7A4F7556}") = "Observer", "src\DesignPatterns\Observer\Observer.csproj", "{5A3FC85A-B275-41CC-AB81-F4B041D25C64}"
EndProject
Project("{9A19103F-16F7-4668-BE54-9A1E7A4F7556}") = "ProducerComsumer", "src\DesignPatterns\ProducerComsumer\ProducerComsumer.csproj", "{D7D5EADF-730E-4EEB-8218-9B202C27D4E6}"
EndProject
Project("{9A19103F-16F7-4668-BE54-9A1E7A4F7556}") = "FactoryMethod", "src\DesignPatterns\FactoryMethod\FactoryMethod.csproj", "{2E291E80-C55D-4477-AC39-E1D66D2AEDFF}"
EndProject
Project("{2150E333-8FDC-42A3-9474-1A3956D46DE8}") = "MySQL", "MySQL", "{7B81D713-110A-4B30-9C46-181EDA8B8991}"
EndProject
Project("{FAE04EC0-301F-11D3-BF4B-00C04F79EFBC}") = "MySQL.ConnectAndSave", "src\MySQL\ConnectAndSave\MySQL.ConnectAndSave.csproj", "{5FA6A322-7B04-4B06-8C4C-55647E31BF6F}"
EndProject
Global
	GlobalSection(SolutionConfigurationPlatforms) = preSolution
		Debug|Any CPU = Debug|Any CPU
		Release|Any CPU = Release|Any CPU
	EndGlobalSection
	GlobalSection(ProjectConfigurationPlatforms) = postSolution
		{575200D3-293C-4EDF-955E-F0EA70E5F504}.Debug|Any CPU.ActiveCfg = Debug|Any CPU
		{575200D3-293C-4EDF-955E-F0EA70E5F504}.Debug|Any CPU.Build.0 = Debug|Any CPU
		{575200D3-293C-4EDF-955E-F0EA70E5F504}.Release|Any CPU.ActiveCfg = Release|Any CPU
		{575200D3-293C-4EDF-955E-F0EA70E5F504}.Release|Any CPU.Build.0 = Release|Any CPU
		{D26DAD10-D3A2-4505-A2B9-DCDA024A9A4F}.Debug|Any CPU.ActiveCfg = Debug|Any CPU
		{D26DAD10-D3A2-4505-A2B9-DCDA024A9A4F}.Debug|Any CPU.Build.0 = Debug|Any CPU
		{D26DAD10-D3A2-4505-A2B9-DCDA024A9A4F}.Release|Any CPU.ActiveCfg = Release|Any CPU
		{D26DAD10-D3A2-4505-A2B9-DCDA024A9A4F}.Release|Any CPU.Build.0 = Release|Any CPU
		{2504944C-29C9-48EC-AA34-A4D2F41B2885}.Debug|Any CPU.ActiveCfg = Debug|Any CPU
		{2504944C-29C9-48EC-AA34-A4D2F41B2885}.Debug|Any CPU.Build.0 = Debug|Any CPU
		{2504944C-29C9-48EC-AA34-A4D2F41B2885}.Release|Any CPU.ActiveCfg = Release|Any CPU
		{2504944C-29C9-48EC-AA34-A4D2F41B2885}.Release|Any CPU.Build.0 = Release|Any CPU
		{5A3FC85A-B275-41CC-AB81-F4B041D25C64}.Debug|Any CPU.ActiveCfg = Debug|Any CPU
		{5A3FC85A-B275-41CC-AB81-F4B041D25C64}.Debug|Any CPU.Build.0 = Debug|Any CPU
		{5A3FC85A-B275-41CC-AB81-F4B041D25C64}.Release|Any CPU.ActiveCfg = Release|Any CPU
		{5A3FC85A-B275-41CC-AB81-F4B041D25C64}.Release|Any CPU.Build.0 = Release|Any CPU
		{D7D5EADF-730E-4EEB-8218-9B202C27D4E6}.Debug|Any CPU.ActiveCfg = Debug|Any CPU
		{D7D5EADF-730E-4EEB-8218-9B202C27D4E6}.Debug|Any CPU.Build.0 = Debug|Any CPU
		{D7D5EADF-730E-4EEB-8218-9B202C27D4E6}.Release|Any CPU.ActiveCfg = Release|Any CPU
		{D7D5EADF-730E-4EEB-8218-9B202C27D4E6}.Release|Any CPU.Build.0 = Release|Any CPU
		{2E291E80-C55D-4477-AC39-E1D66D2AEDFF}.Debug|Any CPU.ActiveCfg = Debug|Any CPU
		{2E291E80-C55D-4477-AC39-E1D66D2AEDFF}.Debug|Any CPU.Build.0 = Debug|Any CPU
		{2E291E80-C55D-4477-AC39-E1D66D2AEDFF}.Release|Any CPU.ActiveCfg = Release|Any CPU
		{2E291E80-C55D-4477-AC39-E1D66D2AEDFF}.Release|Any CPU.Build.0 = Release|Any CPU
		{5FA6A322-7B04-4B06-8C4C-55647E31BF6F}.Debug|Any CPU.ActiveCfg = Debug|Any CPU
		{5FA6A322-7B04-4B06-8C4C-55647E31BF6F}.Debug|Any CPU.Build.0 = Debug|Any CPU
		{5FA6A322-7B04-4B06-8C4C-55647E31BF6F}.Release|Any CPU.ActiveCfg = Release|Any CPU
		{5FA6A322-7B04-4B06-8C4C-55647E31BF6F}.Release|Any CPU.Build.0 = Release|Any CPU
	EndGlobalSection
	GlobalSection(SolutionProperties) = preSolution
		HideSolutionNode = FALSE
	EndGlobalSection
	GlobalSection(NestedProjects) = preSolution
		{575200D3-293C-4EDF-955E-F0EA70E5F504} = {22EC0268-45DC-41C3-852D-2EF49D3C551C}
		{D26DAD10-D3A2-4505-A2B9-DCDA024A9A4F} = {22EC0268-45DC-41C3-852D-2EF49D3C551C}
		{2504944C-29C9-48EC-AA34-A4D2F41B2885} = {4D833D7A-5203-4663-A17B-CB5DE1996E6A}
		{5A3FC85A-B275-41CC-AB81-F4B041D25C64} = {4D833D7A-5203-4663-A17B-CB5DE1996E6A}
		{D7D5EADF-730E-4EEB-8218-9B202C27D4E6} = {4D833D7A-5203-4663-A17B-CB5DE1996E6A}
		{2E291E80-C55D-4477-AC39-E1D66D2AEDFF} = {4D833D7A-5203-4663-A17B-CB5DE1996E6A}
		{5FA6A322-7B04-4B06-8C4C-55647E31BF6F} = {7B81D713-110A-4B30-9C46-181EDA8B8991}
	EndGlobalSection
	GlobalSection(ExtensibilityGlobals) = postSolution
		SolutionGuid = {485C5E5B-9F34-4DF0-9BC2-7DE19AB40060}
	EndGlobalSection
EndGlobal
